// !$*UTF8*$!
{
	archiveVersion = 1;
	classes = {
	};
	objectVersion = 56;
	objects = {

/* Begin PBXBuildFile section */
		18E2928A2CEF04C8007F7219 /* APICallingSwiftUI_DemoApp.swift in Sources */ = {isa = PBXBuildFile; fileRef = 18E292892CEF04C8007F7219 /* APICallingSwiftUI_DemoApp.swift */; };
		18E2928C2CEF04C8007F7219 /* ContentView.swift in Sources */ = {isa = PBXBuildFile; fileRef = 18E2928B2CEF04C8007F7219 /* ContentView.swift */; };
		18E2928E2CEF04CB007F7219 /* Assets.xcassets in Resources */ = {isa = PBXBuildFile; fileRef = 18E2928D2CEF04CB007F7219 /* Assets.xcassets */; };
		18E292912CEF04CB007F7219 /* Preview Assets.xcassets in Resources */ = {isa = PBXBuildFile; fileRef = 18E292902CEF04CB007F7219 /* Preview Assets.xcassets */; };
		18E2929C2CEF08BF007F7219 /* StarRatingView.swift in Sources */ = {isa = PBXBuildFile; fileRef = 18E2929B2CEF08BF007F7219 /* StarRatingView.swift */; };
		18E2929E2CEF0910007F7219 /* ProductListView.swift in Sources */ = {isa = PBXBuildFile; fileRef = 18E2929D2CEF0910007F7219 /* ProductListView.swift */; };
		18E292A02CEF15E7007F7219 /* ProductModel.swift in Sources */ = {isa = PBXBuildFile; fileRef = 18E2929F2CEF15E7007F7219 /* ProductModel.swift */; };
		18E292A22CEF16A4007F7219 /* ProductCellView.swift in Sources */ = {isa = PBXBuildFile; fileRef = 18E292A12CEF16A4007F7219 /* ProductCellView.swift */; };
		18E292A82CEF3EB4007F7219 /* ProductViewModel.swift in Sources */ = {isa = PBXBuildFile; fileRef = 18E292A72CEF3EB4007F7219 /* ProductViewModel.swift */; };
		18E292AB2CEF4DCF007F7219 /* APIError.swift in Sources */ = {isa = PBXBuildFile; fileRef = 18E292AA2CEF4DCF007F7219 /* APIError.swift */; };
		18E292AE2CEF4E33007F7219 /* ProductRepository.swift in Sources */ = {isa = PBXBuildFile; fileRef = 18E292AD2CEF4E33007F7219 /* ProductRepository.swift */; };
		18E292B02CEF4F4E007F7219 /* APIEndpoint.swift in Sources */ = {isa = PBXBuildFile; fileRef = 18E292AF2CEF4F4E007F7219 /* APIEndpoint.swift */; };
		18E292B22CEF501F007F7219 /* NetworkManager.swift in Sources */ = {isa = PBXBuildFile; fileRef = 18E292B12CEF501E007F7219 /* NetworkManager.swift */; };
		18E292B42CEF514D007F7219 /* ResponseDecoder.swift in Sources */ = {isa = PBXBuildFile; fileRef = 18E292B32CEF514D007F7219 /* ResponseDecoder.swift */; };
		18E292B62CEF519B007F7219 /* RequestEncoder.swift in Sources */ = {isa = PBXBuildFile; fileRef = 18E292B52CEF519B007F7219 /* RequestEncoder.swift */; };
		18E292B82CEF750B007F7219 /* ProductDetailView.swift in Sources */ = {isa = PBXBuildFile; fileRef = 18E292B72CEF750B007F7219 /* ProductDetailView.swift */; };
		18F8524B2CF060BC00143977 /* LoadingView.swift in Sources */ = {isa = PBXBuildFile; fileRef = 18F8524A2CF060BC00143977 /* LoadingView.swift */; };
		18F8524D2CF0684200143977 /* BaseViewModel.swift in Sources */ = {isa = PBXBuildFile; fileRef = 18F8524C2CF0684200143977 /* BaseViewModel.swift */; };
		18F8524F2CF06E7C00143977 /* ProductDetailViewModel.swift in Sources */ = {isa = PBXBuildFile; fileRef = 18F8524E2CF06E7C00143977 /* ProductDetailViewModel.swift */; };
		18F852512CF07E3500143977 /* AsyncImageView.swift in Sources */ = {isa = PBXBuildFile; fileRef = 18F852502CF07E3500143977 /* AsyncImageView.swift */; };
		18F852532CF4522300143977 /* RoundedCornerShape.swift in Sources */ = {isa = PBXBuildFile; fileRef = 18F852522CF4522300143977 /* RoundedCornerShape.swift */; };
		18F852552CF4591B00143977 /* GrayStarRatingView.swift in Sources */ = {isa = PBXBuildFile; fileRef = 18F852542CF4591B00143977 /* GrayStarRatingView.swift */; };
		18F852572CF45B0F00143977 /* ProductSizesView.swift in Sources */ = {isa = PBXBuildFile; fileRef = 18F852562CF45B0F00143977 /* ProductSizesView.swift */; };
/* End PBXBuildFile section */

/* Begin PBXFileReference section */
		18E292862CEF04C8007F7219 /* APICallingSwiftUI_Demo.app */ = {isa = PBXFileReference; explicitFileType = wrapper.application; includeInIndex = 0; path = APICallingSwiftUI_Demo.app; sourceTree = BUILT_PRODUCTS_DIR; };
		18E292892CEF04C8007F7219 /* APICallingSwiftUI_DemoApp.swift */ = {isa = PBXFileReference; lastKnownFileType = sourcecode.swift; path = APICallingSwiftUI_DemoApp.swift; sourceTree = "<group>"; };
		18E2928B2CEF04C8007F7219 /* ContentView.swift */ = {isa = PBXFileReference; lastKnownFileType = sourcecode.swift; path = ContentView.swift; sourceTree = "<group>"; };
		18E2928D2CEF04CB007F7219 /* Assets.xcassets */ = {isa = PBXFileReference; lastKnownFileType = folder.assetcatalog; path = Assets.xcassets; sourceTree = "<group>"; };
		18E292902CEF04CB007F7219 /* Preview Assets.xcassets */ = {isa = PBXFileReference; lastKnownFileType = folder.assetcatalog; path = "Preview Assets.xcassets"; sourceTree = "<group>"; };
		18E2929B2CEF08BF007F7219 /* StarRatingView.swift */ = {isa = PBXFileReference; lastKnownFileType = sourcecode.swift; path = StarRatingView.swift; sourceTree = "<group>"; };
		18E2929D2CEF0910007F7219 /* ProductListView.swift */ = {isa = PBXFileReference; lastKnownFileType = sourcecode.swift; path = ProductListView.swift; sourceTree = "<group>"; };
		18E2929F2CEF15E7007F7219 /* ProductModel.swift */ = {isa = PBXFileReference; lastKnownFileType = sourcecode.swift; path = ProductModel.swift; sourceTree = "<group>"; };
		18E292A12CEF16A4007F7219 /* ProductCellView.swift */ = {isa = PBXFileReference; lastKnownFileType = sourcecode.swift; path = ProductCellView.swift; sourceTree = "<group>"; };
		18E292A72CEF3EB4007F7219 /* ProductViewModel.swift */ = {isa = PBXFileReference; lastKnownFileType = sourcecode.swift; path = ProductViewModel.swift; sourceTree = "<group>"; };
		18E292AA2CEF4DCF007F7219 /* APIError.swift */ = {isa = PBXFileReference; lastKnownFileType = sourcecode.swift; path = APIError.swift; sourceTree = "<group>"; };
		18E292AD2CEF4E33007F7219 /* ProductRepository.swift */ = {isa = PBXFileReference; lastKnownFileType = sourcecode.swift; path = ProductRepository.swift; sourceTree = "<group>"; };
		18E292AF2CEF4F4E007F7219 /* APIEndpoint.swift */ = {isa = PBXFileReference; lastKnownFileType = sourcecode.swift; path = APIEndpoint.swift; sourceTree = "<group>"; };
		18E292B12CEF501E007F7219 /* NetworkManager.swift */ = {isa = PBXFileReference; lastKnownFileType = sourcecode.swift; path = NetworkManager.swift; sourceTree = "<group>"; };
		18E292B32CEF514D007F7219 /* ResponseDecoder.swift */ = {isa = PBXFileReference; lastKnownFileType = sourcecode.swift; path = ResponseDecoder.swift; sourceTree = "<group>"; };
		18E292B52CEF519B007F7219 /* RequestEncoder.swift */ = {isa = PBXFileReference; lastKnownFileType = sourcecode.swift; path = RequestEncoder.swift; sourceTree = "<group>"; };
		18E292B72CEF750B007F7219 /* ProductDetailView.swift */ = {isa = PBXFileReference; lastKnownFileType = sourcecode.swift; path = ProductDetailView.swift; sourceTree = "<group>"; };
		18F8524A2CF060BC00143977 /* LoadingView.swift */ = {isa = PBXFileReference; lastKnownFileType = sourcecode.swift; path = LoadingView.swift; sourceTree = "<group>"; };
		18F8524C2CF0684200143977 /* BaseViewModel.swift */ = {isa = PBXFileReference; lastKnownFileType = sourcecode.swift; path = BaseViewModel.swift; sourceTree = "<group>"; };
		18F8524E2CF06E7C00143977 /* ProductDetailViewModel.swift */ = {isa = PBXFileReference; lastKnownFileType = sourcecode.swift; path = ProductDetailViewModel.swift; sourceTree = "<group>"; };
		18F852502CF07E3500143977 /* AsyncImageView.swift */ = {isa = PBXFileReference; lastKnownFileType = sourcecode.swift; path = AsyncImageView.swift; sourceTree = "<group>"; };
		18F852522CF4522300143977 /* RoundedCornerShape.swift */ = {isa = PBXFileReference; lastKnownFileType = sourcecode.swift; path = RoundedCornerShape.swift; sourceTree = "<group>"; };
		18F852542CF4591B00143977 /* GrayStarRatingView.swift */ = {isa = PBXFileReference; lastKnownFileType = sourcecode.swift; path = GrayStarRatingView.swift; sourceTree = "<group>"; };
		18F852562CF45B0F00143977 /* ProductSizesView.swift */ = {isa = PBXFileReference; lastKnownFileType = sourcecode.swift; path = ProductSizesView.swift; sourceTree = "<group>"; };
/* End PBXFileReference section */

/* Begin PBXFrameworksBuildPhase section */
		18E292832CEF04C8007F7219 /* Frameworks */ = {
			isa = PBXFrameworksBuildPhase;
			buildActionMask = 2147483647;
			files = (
			);
			runOnlyForDeploymentPostprocessing = 0;
		};
/* End PBXFrameworksBuildPhase section */

/* Begin PBXGroup section */
		18E2927D2CEF04C8007F7219 = {
			isa = PBXGroup;
			children = (
				18E292882CEF04C8007F7219 /* APICallingSwiftUI_Demo */,
				18E292872CEF04C8007F7219 /* Products */,
			);
			sourceTree = "<group>";
		};
		18E292872CEF04C8007F7219 /* Products */ = {
			isa = PBXGroup;
			children = (
				18E292862CEF04C8007F7219 /* APICallingSwiftUI_Demo.app */,
			);
			name = Products;
			sourceTree = "<group>";
		};
		18E292882CEF04C8007F7219 /* APICallingSwiftUI_Demo */ = {
			isa = PBXGroup;
			children = (
				18E292972CEF0856007F7219 /* Application */,
				18E292982CEF087A007F7219 /* Utility */,
				18E292992CEF0888007F7219 /* Modules */,
				18E2929A2CEF0896007F7219 /* Resources */,
				18E2928F2CEF04CB007F7219 /* Preview Content */,
			);
			path = APICallingSwiftUI_Demo;
			sourceTree = "<group>";
		};
		18E2928F2CEF04CB007F7219 /* Preview Content */ = {
			isa = PBXGroup;
			children = (
				18E292902CEF04CB007F7219 /* Preview Assets.xcassets */,
			);
			path = "Preview Content";
			sourceTree = "<group>";
		};
		18E292972CEF0856007F7219 /* Application */ = {
			isa = PBXGroup;
			children = (
				18E292892CEF04C8007F7219 /* APICallingSwiftUI_DemoApp.swift */,
				18E2928B2CEF04C8007F7219 /* ContentView.swift */,
			);
			path = Application;
			sourceTree = "<group>";
		};
		18E292982CEF087A007F7219 /* Utility */ = {
			isa = PBXGroup;
			children = (
				18E292AC2CEF4DFE007F7219 /* CustomViews */,
				18E292A92CEF4DBB007F7219 /* NetworkManager */,
			);
			path = Utility;
			sourceTree = "<group>";
		};
		18E292992CEF0888007F7219 /* Modules */ = {
			isa = PBXGroup;
			children = (
				18E292A32CEF3DD6007F7219 /* Model */,
				18E292A42CEF3DE6007F7219 /* View */,
				18E292A52CEF3DF4007F7219 /* ViewModel */,
				18E292A62CEF3DFF007F7219 /* Repository */,
			);
			path = Modules;
			sourceTree = "<group>";
		};
		18E2929A2CEF0896007F7219 /* Resources */ = {
			isa = PBXGroup;
			children = (
				18E2928D2CEF04CB007F7219 /* Assets.xcassets */,
			);
			path = Resources;
			sourceTree = "<group>";
		};
		18E292A32CEF3DD6007F7219 /* Model */ = {
			isa = PBXGroup;
			children = (
				18E2929F2CEF15E7007F7219 /* ProductModel.swift */,
			);
			path = Model;
			sourceTree = "<group>";
		};
		18E292A42CEF3DE6007F7219 /* View */ = {
			isa = PBXGroup;
			children = (
				18E2929D2CEF0910007F7219 /* ProductListView.swift */,
				18E292A12CEF16A4007F7219 /* ProductCellView.swift */,
				18E292B72CEF750B007F7219 /* ProductDetailView.swift */,
			);
			path = View;
			sourceTree = "<group>";
		};
		18E292A52CEF3DF4007F7219 /* ViewModel */ = {
			isa = PBXGroup;
			children = (
				18E292A72CEF3EB4007F7219 /* ProductViewModel.swift */,
				18F8524C2CF0684200143977 /* BaseViewModel.swift */,
				18F8524E2CF06E7C00143977 /* ProductDetailViewModel.swift */,
			);
			path = ViewModel;
			sourceTree = "<group>";
		};
		18E292A62CEF3DFF007F7219 /* Repository */ = {
			isa = PBXGroup;
			children = (
				18E292AD2CEF4E33007F7219 /* ProductRepository.swift */,
			);
			path = Repository;
			sourceTree = "<group>";
		};
		18E292A92CEF4DBB007F7219 /* NetworkManager */ = {
			isa = PBXGroup;
			children = (
				18E292B12CEF501E007F7219 /* NetworkManager.swift */,
				18E292AF2CEF4F4E007F7219 /* APIEndpoint.swift */,
				18E292AA2CEF4DCF007F7219 /* APIError.swift */,
				18E292B32CEF514D007F7219 /* ResponseDecoder.swift */,
				18E292B52CEF519B007F7219 /* RequestEncoder.swift */,
			);
			path = NetworkManager;
			sourceTree = "<group>";
		};
		18E292AC2CEF4DFE007F7219 /* CustomViews */ = {
			isa = PBXGroup;
			children = (
				18E2929B2CEF08BF007F7219 /* StarRatingView.swift */,
				18F8524A2CF060BC00143977 /* LoadingView.swift */,
				18F852502CF07E3500143977 /* AsyncImageView.swift */,
				18F852522CF4522300143977 /* RoundedCornerShape.swift */,
				18F852542CF4591B00143977 /* GrayStarRatingView.swift */,
				18F852562CF45B0F00143977 /* ProductSizesView.swift */,
			);
			path = CustomViews;
			sourceTree = "<group>";
		};
/* End PBXGroup section */

/* Begin PBXNativeTarget section */
		18E292852CEF04C8007F7219 /* APICallingSwiftUI_Demo */ = {
			isa = PBXNativeTarget;
			buildConfigurationList = 18E292942CEF04CB007F7219 /* Build configuration list for PBXNativeTarget "APICallingSwiftUI_Demo" */;
			buildPhases = (
				18E292822CEF04C8007F7219 /* Sources */,
				18E292832CEF04C8007F7219 /* Frameworks */,
				18E292842CEF04C8007F7219 /* Resources */,
			);
			buildRules = (
			);
			dependencies = (
			);
			name = APICallingSwiftUI_Demo;
			productName = APICallingSwiftUI_Demo;
			productReference = 18E292862CEF04C8007F7219 /* APICallingSwiftUI_Demo.app */;
			productType = "com.apple.product-type.application";
		};
/* End PBXNativeTarget section */

/* Begin PBXProject section */
		18E2927E2CEF04C8007F7219 /* Project object */ = {
			isa = PBXProject;
			attributes = {
				BuildIndependentTargetsInParallel = 1;
				LastSwiftUpdateCheck = 1420;
				LastUpgradeCheck = 1420;
				TargetAttributes = {
					18E292852CEF04C8007F7219 = {
						CreatedOnToolsVersion = 14.2;
					};
				};
			};
			buildConfigurationList = 18E292812CEF04C8007F7219 /* Build configuration list for PBXProject "APICallingSwiftUI_Demo" */;
			compatibilityVersion = "Xcode 14.0";
			developmentRegion = en;
			hasScannedForEncodings = 0;
			knownRegions = (
				en,
				Base,
			);
			mainGroup = 18E2927D2CEF04C8007F7219;
			productRefGroup = 18E292872CEF04C8007F7219 /* Products */;
			projectDirPath = "";
			projectRoot = "";
			targets = (
				18E292852CEF04C8007F7219 /* APICallingSwiftUI_Demo */,
			);
		};
/* End PBXProject section */

/* Begin PBXResourcesBuildPhase section */
		18E292842CEF04C8007F7219 /* Resources */ = {
			isa = PBXResourcesBuildPhase;
			buildActionMask = 2147483647;
			files = (
				18E292912CEF04CB007F7219 /* Preview Assets.xcassets in Resources */,
				18E2928E2CEF04CB007F7219 /* Assets.xcassets in Resources */,
			);
			runOnlyForDeploymentPostprocessing = 0;
		};
/* End PBXResourcesBuildPhase section */

/* Begin PBXSourcesBuildPhase section */
		18E292822CEF04C8007F7219 /* Sources */ = {
			isa = PBXSourcesBuildPhase;
			buildActionMask = 2147483647;
			files = (
				18E292A82CEF3EB4007F7219 /* ProductViewModel.swift in Sources */,
				18E292B82CEF750B007F7219 /* ProductDetailView.swift in Sources */,
				18E292B42CEF514D007F7219 /* ResponseDecoder.swift in Sources */,
				18E2929E2CEF0910007F7219 /* ProductListView.swift in Sources */,
				18E292B02CEF4F4E007F7219 /* APIEndpoint.swift in Sources */,
				18F852512CF07E3500143977 /* AsyncImageView.swift in Sources */,
				18F8524F2CF06E7C00143977 /* ProductDetailViewModel.swift in Sources */,
				18F8524D2CF0684200143977 /* BaseViewModel.swift in Sources */,
				18F852572CF45B0F00143977 /* ProductSizesView.swift in Sources */,
				18F852552CF4591B00143977 /* GrayStarRatingView.swift in Sources */,
				18E292B62CEF519B007F7219 /* RequestEncoder.swift in Sources */,
				18E292AE2CEF4E33007F7219 /* ProductRepository.swift in Sources */,
				18E292B22CEF501F007F7219 /* NetworkManager.swift in Sources */,
				18F8524B2CF060BC00143977 /* LoadingView.swift in Sources */,
				18E2928C2CEF04C8007F7219 /* ContentView.swift in Sources */,
				18E2928A2CEF04C8007F7219 /* APICallingSwiftUI_DemoApp.swift in Sources */,
				18F852532CF4522300143977 /* RoundedCornerShape.swift in Sources */,
				18E2929C2CEF08BF007F7219 /* StarRatingView.swift in Sources */,
				18E292AB2CEF4DCF007F7219 /* APIError.swift in Sources */,
				18E292A22CEF16A4007F7219 /* ProductCellView.swift in Sources */,
				18E292A02CEF15E7007F7219 /* ProductModel.swift in Sources */,
			);
			runOnlyForDeploymentPostprocessing = 0;
		};
/* End PBXSourcesBuildPhase section */

/* Begin XCBuildConfiguration section */
		18E292922CEF04CB007F7219 /* Debug */ = {
			isa = XCBuildConfiguration;
			buildSettings = {
				ALWAYS_SEARCH_USER_PATHS = NO;
				CLANG_ANALYZER_NONNULL = YES;
				CLANG_ANALYZER_NUMBER_OBJECT_CONVERSION = YES_AGGRESSIVE;
				CLANG_CXX_LANGUAGE_STANDARD = "gnu++20";
				CLANG_ENABLE_MODULES = YES;
				CLANG_ENABLE_OBJC_ARC = YES;
				CLANG_ENABLE_OBJC_WEAK = YES;
				CLANG_WARN_BLOCK_CAPTURE_AUTORELEASING = YES;
				CLANG_WARN_BOOL_CONVERSION = YES;
				CLANG_WARN_COMMA = YES;
				CLANG_WARN_CONSTANT_CONVERSION = YES;
				CLANG_WARN_DEPRECATED_OBJC_IMPLEMENTATIONS = YES;
				CLANG_WARN_DIRECT_OBJC_ISA_USAGE = YES_ERROR;
				CLANG_WARN_DOCUMENTATION_COMMENTS = YES;
				CLANG_WARN_EMPTY_BODY = YES;
				CLANG_WARN_ENUM_CONVERSION = YES;
				CLANG_WARN_INFINITE_RECURSION = YES;
				CLANG_WARN_INT_CONVERSION = YES;
				CLANG_WARN_NON_LITERAL_NULL_CONVERSION = YES;
				CLANG_WARN_OBJC_IMPLICIT_RETAIN_SELF = YES;
				CLANG_WARN_OBJC_LITERAL_CONVERSION = YES;
				CLANG_WARN_OBJC_ROOT_CLASS = YES_ERROR;
				CLANG_WARN_QUOTED_INCLUDE_IN_FRAMEWORK_HEADER = YES;
				CLANG_WARN_RANGE_LOOP_ANALYSIS = YES;
				CLANG_WARN_STRICT_PROTOTYPES = YES;
				CLANG_WARN_SUSPICIOUS_MOVE = YES;
				CLANG_WARN_UNGUARDED_AVAILABILITY = YES_AGGRESSIVE;
				CLANG_WARN_UNREACHABLE_CODE = YES;
				CLANG_WARN__DUPLICATE_METHOD_MATCH = YES;
				COPY_PHASE_STRIP = NO;
				DEBUG_INFORMATION_FORMAT = dwarf;
				ENABLE_STRICT_OBJC_MSGSEND = YES;
				ENABLE_TESTABILITY = YES;
				GCC_C_LANGUAGE_STANDARD = gnu11;
				GCC_DYNAMIC_NO_PIC = NO;
				GCC_NO_COMMON_BLOCKS = YES;
				GCC_OPTIMIZATION_LEVEL = 0;
				GCC_PREPROCESSOR_DEFINITIONS = (
					"DEBUG=1",
					"$(inherited)",
				);
				GCC_WARN_64_TO_32_BIT_CONVERSION = YES;
				GCC_WARN_ABOUT_RETURN_TYPE = YES_ERROR;
				GCC_WARN_UNDECLARED_SELECTOR = YES;
				GCC_WARN_UNINITIALIZED_AUTOS = YES_AGGRESSIVE;
				GCC_WARN_UNUSED_FUNCTION = YES;
				GCC_WARN_UNUSED_VARIABLE = YES;
				IPHONEOS_DEPLOYMENT_TARGET = 15.0;
				MTL_ENABLE_DEBUG_INFO = INCLUDE_SOURCE;
				MTL_FAST_MATH = YES;
				ONLY_ACTIVE_ARCH = YES;
				SDKROOT = iphoneos;
				SWIFT_ACTIVE_COMPILATION_CONDITIONS = DEBUG;
				SWIFT_OPTIMIZATION_LEVEL = "-Onone";
			};
			name = Debug;
		};
		18E292932CEF04CB007F7219 /* Release */ = {
			isa = XCBuildConfiguration;
			buildSettings = {
				ALWAYS_SEARCH_USER_PATHS = NO;
				CLANG_ANALYZER_NONNULL = YES;
				CLANG_ANALYZER_NUMBER_OBJECT_CONVERSION = YES_AGGRESSIVE;
				CLANG_CXX_LANGUAGE_STANDARD = "gnu++20";
				CLANG_ENABLE_MODULES = YES;
				CLANG_ENABLE_OBJC_ARC = YES;
				CLANG_ENABLE_OBJC_WEAK = YES;
				CLANG_WARN_BLOCK_CAPTURE_AUTORELEASING = YES;
				CLANG_WARN_BOOL_CONVERSION = YES;
				CLANG_WARN_COMMA = YES;
				CLANG_WARN_CONSTANT_CONVERSION = YES;
				CLANG_WARN_DEPRECATED_OBJC_IMPLEMENTATIONS = YES;
				CLANG_WARN_DIRECT_OBJC_ISA_USAGE = YES_ERROR;
				CLANG_WARN_DOCUMENTATION_COMMENTS = YES;
				CLANG_WARN_EMPTY_BODY = YES;
				CLANG_WARN_ENUM_CONVERSION = YES;
				CLANG_WARN_INFINITE_RECURSION = YES;
				CLANG_WARN_INT_CONVERSION = YES;
				CLANG_WARN_NON_LITERAL_NULL_CONVERSION = YES;
				CLANG_WARN_OBJC_IMPLICIT_RETAIN_SELF = YES;
				CLANG_WARN_OBJC_LITERAL_CONVERSION = YES;
				CLANG_WARN_OBJC_ROOT_CLASS = YES_ERROR;
				CLANG_WARN_QUOTED_INCLUDE_IN_FRAMEWORK_HEADER = YES;
				CLANG_WARN_RANGE_LOOP_ANALYSIS = YES;
				CLANG_WARN_STRICT_PROTOTYPES = YES;
				CLANG_WARN_SUSPICIOUS_MOVE = YES;
				CLANG_WARN_UNGUARDED_AVAILABILITY = YES_AGGRESSIVE;
				CLANG_WARN_UNREACHABLE_CODE = YES;
				CLANG_WARN__DUPLICATE_METHOD_MATCH = YES;
				COPY_PHASE_STRIP = NO;
				DEBUG_INFORMATION_FORMAT = "dwarf-with-dsym";
				ENABLE_NS_ASSERTIONS = NO;
				ENABLE_STRICT_OBJC_MSGSEND = YES;
				GCC_C_LANGUAGE_STANDARD = gnu11;
				GCC_NO_COMMON_BLOCKS = YES;
				GCC_WARN_64_TO_32_BIT_CONVERSION = YES;
				GCC_WARN_ABOUT_RETURN_TYPE = YES_ERROR;
				GCC_WARN_UNDECLARED_SELECTOR = YES;
				GCC_WARN_UNINITIALIZED_AUTOS = YES_AGGRESSIVE;
				GCC_WARN_UNUSED_FUNCTION = YES;
				GCC_WARN_UNUSED_VARIABLE = YES;
				IPHONEOS_DEPLOYMENT_TARGET = 15.0;
				MTL_ENABLE_DEBUG_INFO = NO;
				MTL_FAST_MATH = YES;
				SDKROOT = iphoneos;
				SWIFT_COMPILATION_MODE = wholemodule;
				SWIFT_OPTIMIZATION_LEVEL = "-O";
				VALIDATE_PRODUCT = YES;
			};
			name = Release;
		};
		18E292952CEF04CB007F7219 /* Debug */ = {
			isa = XCBuildConfiguration;
			buildSettings = {
				ASSETCATALOG_COMPILER_APPICON_NAME = AppIcon;
				ASSETCATALOG_COMPILER_GLOBAL_ACCENT_COLOR_NAME = AccentColor;
				CODE_SIGN_STYLE = Automatic;
				CURRENT_PROJECT_VERSION = 1;
				DEVELOPMENT_ASSET_PATHS = "\"APICallingSwiftUI_Demo/Preview Content\"";
				DEVELOPMENT_TEAM = GH4598WLAP;
				ENABLE_PREVIEWS = YES;
				GENERATE_INFOPLIST_FILE = YES;
				INFOPLIST_KEY_UIApplicationSceneManifest_Generation = YES;
				INFOPLIST_KEY_UIApplicationSupportsIndirectInputEvents = YES;
				INFOPLIST_KEY_UILaunchScreen_Generation = YES;
				INFOPLIST_KEY_UISupportedInterfaceOrientations = UIInterfaceOrientationPortrait;
				INFOPLIST_KEY_UISupportedInterfaceOrientations_iPad = "UIInterfaceOrientationLandscapeLeft UIInterfaceOrientationLandscapeRight UIInterfaceOrientationPortrait UIInterfaceOrientationPortraitUpsideDown";
				IPHONEOS_DEPLOYMENT_TARGET = 15.0;
				LD_RUNPATH_SEARCH_PATHS = (
					"$(inherited)",
					"@executable_path/Frameworks",
				);
				MARKETING_VERSION = 1.0;
				PRODUCT_BUNDLE_IDENTIFIER = "Vivek.APICallingSwiftUI-Demo";
				PRODUCT_NAME = "$(TARGET_NAME)";
				SUPPORTED_PLATFORMS = "iphoneos iphonesimulator";
				SUPPORTS_MACCATALYST = NO;
				SUPPORTS_MAC_DESIGNED_FOR_IPHONE_IPAD = NO;
				SWIFT_EMIT_LOC_STRINGS = YES;
				SWIFT_VERSION = 5.0;
				TARGETED_DEVICE_FAMILY = 1;
			};
			name = Debug;
		};
		18E292962CEF04CB007F7219 /* Release */ = {
			isa = XCBuildConfiguration;
			buildSettings = {
				ASSETCATALOG_COMPILER_APPICON_NAME = AppIcon;
				ASSETCATALOG_COMPILER_GLOBAL_ACCENT_COLOR_NAME = AccentColor;
				CODE_SIGN_STYLE = Automatic;
				CURRENT_PROJECT_VERSION = 1;
				DEVELOPMENT_ASSET_PATHS = "\"APICallingSwiftUI_Demo/Preview Content\"";
				DEVELOPMENT_TEAM = GH4598WLAP;
				ENABLE_PREVIEWS = YES;
				GENERATE_INFOPLIST_FILE = YES;
				INFOPLIST_KEY_UIApplicationSceneManifest_Generation = YES;
				INFOPLIST_KEY_UIApplicationSupportsIndirectInputEvents = YES;
				INFOPLIST_KEY_UILaunchScreen_Generation = YES;
				INFOPLIST_KEY_UISupportedInterfaceOrientations = UIInterfaceOrientationPortrait;
				INFOPLIST_KEY_UISupportedInterfaceOrientations_iPad = "UIInterfaceOrientationLandscapeLeft UIInterfaceOrientationLandscapeRight UIInterfaceOrientationPortrait UIInterfaceOrientationPortraitUpsideDown";
				IPHONEOS_DEPLOYMENT_TARGET = 15.0;
				LD_RUNPATH_SEARCH_PATHS = (
					"$(inherited)",
					"@executable_path/Frameworks",
				);
				MARKETING_VERSION = 1.0;
				PRODUCT_BUNDLE_IDENTIFIER = "Vivek.APICallingSwiftUI-Demo";
				PRODUCT_NAME = "$(TARGET_NAME)";
				SUPPORTED_PLATFORMS = "iphoneos iphonesimulator";
				SUPPORTS_MACCATALYST = NO;
				SUPPORTS_MAC_DESIGNED_FOR_IPHONE_IPAD = NO;
				SWIFT_EMIT_LOC_STRINGS = YES;
				SWIFT_VERSION = 5.0;
				TARGETED_DEVICE_FAMILY = 1;
			};
			name = Release;
		};
/* End XCBuildConfiguration section */

/* Begin XCConfigurationList section */
		18E292812CEF04C8007F7219 /* Build configuration list for PBXProject "APICallingSwiftUI_Demo" */ = {
			isa = XCConfigurationList;
			buildConfigurations = (
				18E292922CEF04CB007F7219 /* Debug */,
				18E292932CEF04CB007F7219 /* Release */,
			);
			defaultConfigurationIsVisible = 0;
			defaultConfigurationName = Release;
		};
		18E292942CEF04CB007F7219 /* Build configuration list for PBXNativeTarget "APICallingSwiftUI_Demo" */ = {
			isa = XCConfigurationList;
			buildConfigurations = (
				18E292952CEF04CB007F7219 /* Debug */,
				18E292962CEF04CB007F7219 /* Release */,
			);
			defaultConfigurationIsVisible = 0;
			defaultConfigurationName = Release;
		};
/* End XCConfigurationList section */
	};
	rootObject = 18E2927E2CEF04C8007F7219 /* Project object */;
}
